
Microsoft Visual Studio Solution File, Format Version 12.00
# Visual Studio Version 17
VisualStudioVersion = 17.7.34202.233
MinimumVisualStudioVersion = 10.0.40219.1
Project("{FAE04EC0-301F-11D3-BF4B-00C04F79EFBC}") = "ObjectOrientedPractics", "WindowsFormsApp1\ObjectOrientedPractics.csproj", "{BBCF204E-A47D-46DB-8D9C-E723D5337472}"
EndProject
Global
	GlobalSection(SolutionConfigurationPlatforms) = preSolution
		Debug|Any CPU = Debug|Any CPU
		Release|Any CPU = Release|Any CPU
	EndGlobalSection
	GlobalSection(ProjectConfigurationPlatforms) = postSolution
		{BBCF204E-A47D-46DB-8D9C-E723D5337472}.Debug|Any CPU.ActiveCfg = Debug|Any CPU
		{BBCF204E-A47D-46DB-8D9C-E723D5337472}.Debug|Any CPU.Build.0 = Debug|Any CPU
		{BBCF204E-A47D-46DB-8D9C-E723D5337472}.Release|Any CPU.ActiveCfg = Release|Any CPU
		{BBCF204E-A47D-46DB-8D9C-E723D5337472}.Release|Any CPU.Build.0 = Release|Any CPU
	EndGlobalSection
	GlobalSection(SolutionProperties) = preSolution
		HideSolutionNode = FALSE
	EndGlobalSection
	GlobalSection(ExtensibilityGlobals) = postSolution
		SolutionGuid = {057088FB-26CB-4E31-932D-7DA532BE3CBC}
	EndGlobalSection
EndGlobal
